{
  "version": 4,
  "terraform_version": "1.1.8",
  "serial": 36,
  "lineage": "9f1c4c58-7061-e74c-17ba-9e72363387fa",
  "outputs": {},
  "resources": [
    {
      "mode": "managed",
      "type": "aws_instance",
      "name": "nathalya",
      "provider": "provider[\"registry.terraform.io/hashicorp/aws\"]",
      "instances": [
        {
          "schema_version": 1,
          "attributes": {
            "ami": "ami-09e67e426f25ce0d7",
            "arn": "arn:aws:ec2:us-east-1:874254588472:instance/i-069aa110c7e35ee8b",
            "associate_public_ip_address": true,
            "availability_zone": "us-east-1c",
            "capacity_reservation_specification": [
              {
                "capacity_reservation_preference": "open",
                "capacity_reservation_target": []
              }
            ],
            "cpu_core_count": 1,
            "cpu_threads_per_core": 1,
            "credit_specification": [
              {
                "cpu_credits": "standard"
              }
            ],
            "disable_api_termination": false,
            "ebs_block_device": [],
            "ebs_optimized": false,
            "enclave_options": [
              {
                "enabled": false
              }
            ],
            "ephemeral_block_device": [],
            "get_password_data": false,
            "hibernation": false,
            "host_id": null,
            "iam_instance_profile": "",
            "id": "i-069aa110c7e35ee8b",
            "instance_initiated_shutdown_behavior": "stop",
            "instance_state": "running",
            "instance_type": "t2.micro",
            "ipv6_address_count": 0,
            "ipv6_addresses": [],
            "key_name": "nathalya-key",
            "launch_template": [],
            "metadata_options": [
              {
                "http_endpoint": "enabled",
                "http_put_response_hop_limit": 1,
                "http_tokens": "optional",
                "instance_metadata_tags": "disabled"
              }
            ],
            "monitoring": false,
            "network_interface": [],
            "outpost_arn": "",
            "password_data": "",
            "placement_group": "",
            "placement_partition_number": null,
            "primary_network_interface_id": "eni-0ac36b2cada1e50e9",
            "private_dns": "ip-172-31-83-139.ec2.internal",
            "private_ip": "172.31.83.139",
            "public_dns": "ec2-34-227-22-2.compute-1.amazonaws.com",
            "public_ip": "34.227.22.2",
            "root_block_device": [
              {
                "delete_on_termination": true,
                "device_name": "/dev/sda1",
                "encrypted": false,
                "iops": 100,
                "kms_key_id": "",
                "tags": {},
                "throughput": 0,
                "volume_id": "vol-0d52239c76312fff2",
                "volume_size": 8,
                "volume_type": "gp2"
              }
            ],
            "secondary_private_ips": [],
            "security_groups": [
              "default"
            ],
            "source_dest_check": true,
            "subnet_id": "subnet-0b182c1a78ea3b39d",
            "tags": {
              "Name": "desafio_phoebus"
            },
            "tags_all": {
              "Name": "desafio_phoebus"
            },
            "tenancy": "default",
            "timeouts": null,
            "user_data": null,
            "user_data_base64": null,
            "user_data_replace_on_change": false,
            "volume_tags": null,
            "vpc_security_group_ids": [
              "sg-094e415086e9c28cc"
            ]
          },
          "sensitive_attributes": [],
          "private": "eyJlMmJmYjczMC1lY2FhLTExZTYtOGY4OC0zNDM2M2JjN2M0YzAiOnsiY3JlYXRlIjo2MDAwMDAwMDAwMDAsImRlbGV0ZSI6MTIwMDAwMDAwMDAwMCwidXBkYXRlIjo2MDAwMDAwMDAwMDB9LCJzY2hlbWFfdmVyc2lvbiI6IjEifQ=="
        }
      ]
    },
    {
      "mode": "managed",
      "type": "aws_key_pair",
      "name": "nathalya",
      "provider": "provider[\"registry.terraform.io/hashicorp/aws\"]",
      "instances": [
        {
          "schema_version": 1,
          "attributes": {
            "arn": "arn:aws:ec2:us-east-1:874254588472:key-pair/nathalya-key",
            "fingerprint": "05:1d:c5:02:52:de:a3:35:d9:c3:b3:21:6c:a3:f4:a8",
            "id": "nathalya-key",
            "key_name": "nathalya-key",
            "key_name_prefix": "",
            "key_pair_id": "key-00183884a37f6a4a1",
            "public_key": "ssh-rsa AAAAB3NzaC1yc2EAAAADAQABAAABgQDi/vKoo7r2RBqeSWKU8H/wt+Kw5D1q0EV9N9/14JyDkvdNEZEZREyobYN+JWfIBHokkxXhVHlM8oPUOpg+q/Quw2OiJpHHDDnzepy4HAj08B3mxd6lU0fJouN+WKiMVzxChYb0T9rEYCyOjoDbrR+PMehMh2Dr6Ff7BdbAtnSgiXvH7ELCellp+fZFune2C5BhXOYXSbWUDT765uxd65hshyK+lusXaVeSH7eRShXeVgnJh8qqd3gDE6m1wnNBYAxT9FCY6HAwqqAXQGnXn98QKLJQI1+4AhZzc8LCu9coIXaSefoldAInsJCW2gU//6YpwBGm9+JscYOYq4zDNo8Lt7jXuqnTbR9f816E7UW3nBHtSK0NKyDeE424Jo9qL9xZz4KexgWT5IZsVf5AXp44n8pPo77ZuY8lQ8hKTA5b0/7mzop++8VbQXl39c9JJIxaO/P6d1PqGzIRo7kCIhh/0bQXaI6HiNLJFnr/dPaQbopCRsZfS5hGYGk32s2m/9M= ubuntu",
            "tags": null,
            "tags_all": {}
          },
          "sensitive_attributes": [],
          "private": "eyJzY2hlbWFfdmVyc2lvbiI6IjEifQ=="
        }
      ]
    }
  ]
}
